
Microsoft Visual Studio Solution File, Format Version 12.00
# Visual Studio Version 17
VisualStudioVersion = 17.0.31611.283
MinimumVisualStudioVersion = 10.0.40219.1
Project("{2150E333-8FDC-42A3-9474-1A3956D46DE8}") = "src", "src", "{6ED356A7-8B47-4613-AD01-C85CF28491BD}"
EndProject
Project("{2150E333-8FDC-42A3-9474-1A3956D46DE8}") = "tests", "tests", "{664D406C-2F83-48F0-BFC3-408D5CB53C65}"
EndProject
Project("{9A19103F-16F7-4668-BE54-9A1E7A4F7556}") = "src\MAUI.Template", "src\MAUI.Template\MAUI.Template.csproj", "{5A29AF7A-0F60-4E3C-91A8-84530D04A35E}"
EndProject
Project("{9A19103F-16F7-4668-BE54-9A1E7A4F7556}") = "src\MAUI.Basics", "src\MAUI.Basics\MAUI.Basics.csproj", "{E469A955-7407-4C72-9CDA-9216BF4EBCF7}"
EndProject
Project("{FAE04EC0-301F-11D3-BF4B-00C04F79EFBC}") = "MAUI.Basics.UnitTests", "tests\MAUI.Basics.UnitTests\MAUI.Basics.UnitTests.csproj", "{55EE8763-0685-4C48-96C8-45B153817B66}"
EndProject
Project("{FAE04EC0-301F-11D3-BF4B-00C04F79EFBC}") = "MAUI.Template.Abstractions", "src\MAUI.Template.Abstractions\MAUI.Template.Abstractions.csproj", "{0253C115-1044-4BB1-A41D-3BAA8D98F00E}"
EndProject
Project("{FAE04EC0-301F-11D3-BF4B-00C04F79EFBC}") = "MAUI.Template.Api", "src\MAUI.Template.Api\MAUI.Template.Api.csproj", "{D1455F66-C64A-40BF-B7F9-44A53AB12DCE}"
EndProject
Global
	GlobalSection(SolutionConfigurationPlatforms) = preSolution
		Debug|Any CPU = Debug|Any CPU
		Release|Any CPU = Release|Any CPU
	EndGlobalSection
	GlobalSection(ProjectConfigurationPlatforms) = postSolution
		{5A29AF7A-0F60-4E3C-91A8-84530D04A35E}.Debug|Any CPU.ActiveCfg = Debug|Any CPU
		{5A29AF7A-0F60-4E3C-91A8-84530D04A35E}.Debug|Any CPU.Build.0 = Debug|Any CPU
		{5A29AF7A-0F60-4E3C-91A8-84530D04A35E}.Debug|Any CPU.Deploy.0 = Debug|Any CPU
		{5A29AF7A-0F60-4E3C-91A8-84530D04A35E}.Release|Any CPU.ActiveCfg = Release|Any CPU
		{5A29AF7A-0F60-4E3C-91A8-84530D04A35E}.Release|Any CPU.Build.0 = Release|Any CPU
		{5A29AF7A-0F60-4E3C-91A8-84530D04A35E}.Release|Any CPU.Deploy.0 = Release|Any CPU
		{E469A955-7407-4C72-9CDA-9216BF4EBCF7}.Debug|Any CPU.ActiveCfg = Debug|Any CPU
		{E469A955-7407-4C72-9CDA-9216BF4EBCF7}.Debug|Any CPU.Build.0 = Debug|Any CPU
		{E469A955-7407-4C72-9CDA-9216BF4EBCF7}.Release|Any CPU.ActiveCfg = Release|Any CPU
		{E469A955-7407-4C72-9CDA-9216BF4EBCF7}.Release|Any CPU.Build.0 = Release|Any CPU
		{55EE8763-0685-4C48-96C8-45B153817B66}.Debug|Any CPU.ActiveCfg = Debug|Any CPU
		{55EE8763-0685-4C48-96C8-45B153817B66}.Debug|Any CPU.Build.0 = Debug|Any CPU
		{55EE8763-0685-4C48-96C8-45B153817B66}.Release|Any CPU.ActiveCfg = Release|Any CPU
		{55EE8763-0685-4C48-96C8-45B153817B66}.Release|Any CPU.Build.0 = Release|Any CPU
		{0253C115-1044-4BB1-A41D-3BAA8D98F00E}.Debug|Any CPU.ActiveCfg = Debug|Any CPU
		{0253C115-1044-4BB1-A41D-3BAA8D98F00E}.Debug|Any CPU.Build.0 = Debug|Any CPU
		{0253C115-1044-4BB1-A41D-3BAA8D98F00E}.Release|Any CPU.ActiveCfg = Release|Any CPU
		{0253C115-1044-4BB1-A41D-3BAA8D98F00E}.Release|Any CPU.Build.0 = Release|Any CPU
		{D1455F66-C64A-40BF-B7F9-44A53AB12DCE}.Debug|Any CPU.ActiveCfg = Debug|Any CPU
		{D1455F66-C64A-40BF-B7F9-44A53AB12DCE}.Debug|Any CPU.Build.0 = Debug|Any CPU
		{D1455F66-C64A-40BF-B7F9-44A53AB12DCE}.Release|Any CPU.ActiveCfg = Release|Any CPU
		{D1455F66-C64A-40BF-B7F9-44A53AB12DCE}.Release|Any CPU.Build.0 = Release|Any CPU
	EndGlobalSection
	GlobalSection(SolutionProperties) = preSolution
		HideSolutionNode = FALSE
	EndGlobalSection
	GlobalSection(ExtensibilityGlobals) = postSolution
		SolutionGuid = {61F7FB11-1E47-470C-91E2-47F8143E1572}
	EndGlobalSection
	GlobalSection(NestedProjects) = preSolution
		{E469A955-7407-4C72-9CDA-9216BF4EBCF7} = {6ED356A7-8B47-4613-AD01-C85CF28491BD}
		{5A29AF7A-0F60-4E3C-91A8-84530D04A35E} = {6ED356A7-8B47-4613-AD01-C85CF28491BD}
		{55EE8763-0685-4C48-96C8-45B153817B66} = {664D406C-2F83-48F0-BFC3-408D5CB53C65}
		{0253C115-1044-4BB1-A41D-3BAA8D98F00E} = {6ED356A7-8B47-4613-AD01-C85CF28491BD}
		{D1455F66-C64A-40BF-B7F9-44A53AB12DCE} = {6ED356A7-8B47-4613-AD01-C85CF28491BD}
	EndGlobalSection
EndGlobal
